{
  "requires": true,
  "lockfileVersion": 1,
  "dependencies": {
    "@azerion/phaser-ads": {
      "version": "2.4.1",
      "resolved": "https://registry.npmjs.org/@azerion/phaser-ads/-/phaser-ads-2.4.1.tgz",
      "integrity": "sha512-zrU9t6XAPTEOEvdAd8uvsnprs5RyujTi8TpN74bQGtMdl9mxWPUqZZReARZm/sDEo4dobaTPpm5rOkUo4dxhwA=="
    }
  }
}
